PODS:
  - Amplitude-iOS (4.9.3)
  - AppCenter (4.1.0):
    - AppCenter/Analytics (= 4.1.0)
    - AppCenter/Crashes (= 4.1.0)
  - AppCenter/Analytics (4.1.0):
    - AppCenter/Core
  - AppCenter/Core (4.1.0)
  - AppCenter/Crashes (4.1.0):
    - AppCenter/Core
  - ASNetworking (0.1.0):
    - PromiseKit
  - Charts (3.6.0):
    - Charts/Core (= 3.6.0)
  - Charts/Core (3.6.0)
  - PromiseKit (6.13.1):
    - PromiseKit/CorePromise (= 6.13.1)
    - PromiseKit/Foundation (= 6.13.1)
    - PromiseKit/UIKit (= 6.13.1)
  - PromiseKit/CorePromise (6.13.1)
  - PromiseKit/Foundation (6.13.1):
    - PromiseKit/CorePromise
  - PromiseKit/UIKit (6.13.1):
    - PromiseKit/CorePromise
  - Swinject (2.7.1)

DEPENDENCIES:
  - Amplitude-iOS (~> 4.9.3)
  - AppCenter
  - ASNetworking (from `~/dev/ios/ASNetworking`)
  - Charts
  - Swinject

SPEC REPOS:
  trunk:
    - Amplitude-iOS
    - AppCenter
    - Charts
    - PromiseKit
    - Swinject

EXTERNAL SOURCES:
  ASNetworking:
    :path: "~/dev/ios/ASNetworking"

SPEC CHECKSUMS:
  Amplitude-iOS: 122e026c44db8460e5efcf84859aa290a0ae9786
  AppCenter: 8832b158d17e54845c3b88a91076218f0b07174d
  ASNetworking: a1670740822a902f39092757ebead906415f95e4
  Charts: b1e3a1f5a1c9ba5394438ca3b91bd8c9076310af
  PromiseKit: 28fda91c973cc377875d8c0ea4f973013c05b6db
  Swinject: ddf78b8486dd9b71a667b852cad919ab4484478e

PODFILE CHECKSUM: 3161f3e41ed776e133ba960d1b5949ac40b8df6c

COCOAPODS: 1.9.3
