// !$*UTF8*$!
{
	archiveVersion = 1;
	classes = {
	};
	objectVersion = 51;
	objects = {

/* Begin PBXBuildFile section */
		0DE8DCEF056D04A4315D5DA0 /* Pods_TrendingTests.framework in Frameworks */ = {isa = PBXBuildFile; fileRef = 41AC14C5102A100CFAC2F6DE /* Pods_TrendingTests.framework */; };
		8F560CE6515AE71211823733 /* Pods_Trending_TrendingUITests.framework in Frameworks */ = {isa = PBXBuildFile; fileRef = CFF29089FDAA4F9C7B5D3297 /* Pods_Trending_TrendingUITests.framework */; };
		F6E677EA639DD41F65D773B4 /* Pods_Trending.framework in Frameworks */ = {isa = PBXBuildFile; fileRef = 1822F25AFF51BDD02ADF5C39 /* Pods_Trending.framework */; };
		FA3C49B4258707E800A6D625 /* BehaviourProtocol.swift in Sources */ = {isa = PBXBuildFile; fileRef = FA3C49B3258707E800A6D625 /* BehaviourProtocol.swift */; };
		FA3C49B9258707F100A6D625 /* ScreenViewBehaviour.swift in Sources */ = {isa = PBXBuildFile; fileRef = FA3C49B8258707F100A6D625 /* ScreenViewBehaviour.swift */; };
		FA3C49BE2587085600A6D625 /* ErrorDisplayBehaviour.swift in Sources */ = {isa = PBXBuildFile; fileRef = FA3C49BD2587085500A6D625 /* ErrorDisplayBehaviour.swift */; };
		FA3C49C32587193300A6D625 /* BehaviourContainer.swift in Sources */ = {isa = PBXBuildFile; fileRef = FA3C49C22587193300A6D625 /* BehaviourContainer.swift */; };
		FA3C49C92587285E00A6D625 /* Analytics.swift in Sources */ = {isa = PBXBuildFile; fileRef = FA3C49C82587285E00A6D625 /* Analytics.swift */; };
		FA3C49D1258729B400A6D625 /* Analytics+Trends.swift in Sources */ = {isa = PBXBuildFile; fileRef = FA3C49D0258729B400A6D625 /* Analytics+Trends.swift */; };
		FA3C49E82587526000A6D625 /* AmplitudeLogger.swift in Sources */ = {isa = PBXBuildFile; fileRef = FA3C49E72587526000A6D625 /* AmplitudeLogger.swift */; };
		FAB993A8257B5DC0008D2EE6 /* Assets.xcassets in Resources */ = {isa = PBXBuildFile; fileRef = FAB993A7257B5DC0008D2EE6 /* Assets.xcassets */; };
		FAB993AB257B5DC0008D2EE6 /* Preview Assets.xcassets in Resources */ = {isa = PBXBuildFile; fileRef = FAB993AA257B5DC0008D2EE6 /* Preview Assets.xcassets */; };
		FAB993B6257B5DC0008D2EE6 /* TrendingTests.swift in Sources */ = {isa = PBXBuildFile; fileRef = FAB993B5257B5DC0008D2EE6 /* TrendingTests.swift */; };
		FAB993C1257B5DC1008D2EE6 /* TrendingUITests.swift in Sources */ = {isa = PBXBuildFile; fileRef = FAB993C0257B5DC1008D2EE6 /* TrendingUITests.swift */; };
		FAB993D4257B5F4C008D2EE6 /* TrendingClient.swift in Sources */ = {isa = PBXBuildFile; fileRef = FAB993D3257B5F4C008D2EE6 /* TrendingClient.swift */; };
		FAB99403257B8837008D2EE6 /* TrendDetail.swift in Sources */ = {isa = PBXBuildFile; fileRef = FAB99402257B8837008D2EE6 /* TrendDetail.swift */; };
		FAB9940B257B884D008D2EE6 /* TrendChartView.swift in Sources */ = {isa = PBXBuildFile; fileRef = FAB9940A257B884D008D2EE6 /* TrendChartView.swift */; };
		FAB99414257C4314008D2EE6 /* NavigationLazyView.swift in Sources */ = {isa = PBXBuildFile; fileRef = FAB99413257C4314008D2EE6 /* NavigationLazyView.swift */; };
		FAB99419257C5AD6008D2EE6 /* NetworkClient.swift in Sources */ = {isa = PBXBuildFile; fileRef = FAB99418257C5AD6008D2EE6 /* NetworkClient.swift */; };
		FAB99427257C5DC4008D2EE6 /* Servicelocator.swift in Sources */ = {isa = PBXBuildFile; fileRef = FAB99426257C5DC4008D2EE6 /* Servicelocator.swift */; };
		FAB99432257C78DD008D2EE6 /* RouterClient.swift in Sources */ = {isa = PBXBuildFile; fileRef = FAB99431257C78DD008D2EE6 /* RouterClient.swift */; };
		FAB99437257C78EC008D2EE6 /* BasicClient.swift in Sources */ = {isa = PBXBuildFile; fileRef = FAB99436257C78EC008D2EE6 /* BasicClient.swift */; };
		FAC1C1A025834C6B0020BAA4 /* SearchBar.swift in Sources */ = {isa = PBXBuildFile; fileRef = FAC1C19F25834C6B0020BAA4 /* SearchBar.swift */; };
		FAC1C1A8258426A10020BAA4 /* ErrorHandler.swift in Sources */ = {isa = PBXBuildFile; fileRef = FAC1C1A7258426A10020BAA4 /* ErrorHandler.swift */; };
		FAFAEDD3257CBCA700B53DDC /* TrendList.swift in Sources */ = {isa = PBXBuildFile; fileRef = FAFAEDD1257CBCA700B53DDC /* TrendList.swift */; };
		FAFAEDD4257CBCA700B53DDC /* TrendRow.swift in Sources */ = {isa = PBXBuildFile; fileRef = FAFAEDD2257CBCA700B53DDC /* TrendRow.swift */; };
		FAFAEDDD257D789C00B53DDC /* PlaceListView.swift in Sources */ = {isa = PBXBuildFile; fileRef = FAFAEDDC257D789C00B53DDC /* PlaceListView.swift */; };
		FAFAEDE8257D78EC00B53DDC /* ContentView.swift in Sources */ = {isa = PBXBuildFile; fileRef = FAFAEDE6257D78EC00B53DDC /* ContentView.swift */; };
		FAFAEDE9257D78EC00B53DDC /* TrendingApp.swift in Sources */ = {isa = PBXBuildFile; fileRef = FAFAEDE7257D78EC00B53DDC /* TrendingApp.swift */; };
/* End PBXBuildFile section */

/* Begin PBXContainerItemProxy section */
		FAB993B2257B5DC0008D2EE6 /* PBXContainerItemProxy */ = {
			isa = PBXContainerItemProxy;
			containerPortal = FAB99398257B5DBE008D2EE6 /* Project object */;
			proxyType = 1;
			remoteGlobalIDString = FAB9939F257B5DBE008D2EE6;
			remoteInfo = Trending;
		};
		FAB993BD257B5DC1008D2EE6 /* PBXContainerItemProxy */ = {
			isa = PBXContainerItemProxy;
			containerPortal = FAB99398257B5DBE008D2EE6 /* Project object */;
			proxyType = 1;
			remoteGlobalIDString = FAB9939F257B5DBE008D2EE6;
			remoteInfo = Trending;
		};
/* End PBXContainerItemProxy section */

/* Begin PBXFileReference section */
		1822F25AFF51BDD02ADF5C39 /* Pods_Trending.framework */ = {isa = PBXFileReference; explicitFileType = wrapper.framework; includeInIndex = 0; path = Pods_Trending.framework; sourceTree = BUILT_PRODUCTS_DIR; };
		1C2CD87CA7296D565F6D741D /* Pods-Trending-TrendingUITests.debug.xcconfig */ = {isa = PBXFileReference; includeInIndex = 1; lastKnownFileType = text.xcconfig; name = "Pods-Trending-TrendingUITests.debug.xcconfig"; path = "Target Support Files/Pods-Trending-TrendingUITests/Pods-Trending-TrendingUITests.debug.xcconfig"; sourceTree = "<group>"; };
		1E7EF62F9FA36927FD750CA4 /* Pods-Trending.debug.xcconfig */ = {isa = PBXFileReference; includeInIndex = 1; lastKnownFileType = text.xcconfig; name = "Pods-Trending.debug.xcconfig"; path = "Target Support Files/Pods-Trending/Pods-Trending.debug.xcconfig"; sourceTree = "<group>"; };
		2B38141346C1DB2071782856 /* Pods-TrendingTests.debug.xcconfig */ = {isa = PBXFileReference; includeInIndex = 1; lastKnownFileType = text.xcconfig; name = "Pods-TrendingTests.debug.xcconfig"; path = "Target Support Files/Pods-TrendingTests/Pods-TrendingTests.debug.xcconfig"; sourceTree = "<group>"; };
		41AC14C5102A100CFAC2F6DE /* Pods_TrendingTests.framework */ = {isa = PBXFileReference; explicitFileType = wrapper.framework; includeInIndex = 0; path = Pods_TrendingTests.framework; sourceTree = BUILT_PRODUCTS_DIR; };
		6BFBBFA3D19DB78BDA1889A2 /* Pods-Trending.release.xcconfig */ = {isa = PBXFileReference; includeInIndex = 1; lastKnownFileType = text.xcconfig; name = "Pods-Trending.release.xcconfig"; path = "Target Support Files/Pods-Trending/Pods-Trending.release.xcconfig"; sourceTree = "<group>"; };
		8CACE4BD1640B8754FE376A9 /* Pods-TrendingTests.release.xcconfig */ = {isa = PBXFileReference; includeInIndex = 1; lastKnownFileType = text.xcconfig; name = "Pods-TrendingTests.release.xcconfig"; path = "Target Support Files/Pods-TrendingTests/Pods-TrendingTests.release.xcconfig"; sourceTree = "<group>"; };
		AA7C3F315B6E0FA5AF737A0A /* Pods-Trending-TrendingUITests.release.xcconfig */ = {isa = PBXFileReference; includeInIndex = 1; lastKnownFileType = text.xcconfig; name = "Pods-Trending-TrendingUITests.release.xcconfig"; path = "Target Support Files/Pods-Trending-TrendingUITests/Pods-Trending-TrendingUITests.release.xcconfig"; sourceTree = "<group>"; };
		CFF29089FDAA4F9C7B5D3297 /* Pods_Trending_TrendingUITests.framework */ = {isa = PBXFileReference; explicitFileType = wrapper.framework; includeInIndex = 0; path = Pods_Trending_TrendingUITests.framework; sourceTree = BUILT_PRODUCTS_DIR; };
		FA3C49B3258707E800A6D625 /* BehaviourProtocol.swift */ = {isa = PBXFileReference; lastKnownFileType = sourcecode.swift; path = BehaviourProtocol.swift; sourceTree = "<group>"; };
		FA3C49B8258707F100A6D625 /* ScreenViewBehaviour.swift */ = {isa = PBXFileReference; lastKnownFileType = sourcecode.swift; path = ScreenViewBehaviour.swift; sourceTree = "<group>"; };
		FA3C49BD2587085500A6D625 /* ErrorDisplayBehaviour.swift */ = {isa = PBXFileReference; lastKnownFileType = sourcecode.swift; path = ErrorDisplayBehaviour.swift; sourceTree = "<group>"; };
		FA3C49C22587193300A6D625 /* BehaviourContainer.swift */ = {isa = PBXFileReference; lastKnownFileType = sourcecode.swift; path = BehaviourContainer.swift; sourceTree = "<group>"; };
		FA3C49C82587285E00A6D625 /* Analytics.swift */ = {isa = PBXFileReference; lastKnownFileType = sourcecode.swift; path = Analytics.swift; sourceTree = "<group>"; };
		FA3C49D0258729B400A6D625 /* Analytics+Trends.swift */ = {isa = PBXFileReference; lastKnownFileType = sourcecode.swift; path = "Analytics+Trends.swift"; sourceTree = "<group>"; };
		FA3C49E72587526000A6D625 /* AmplitudeLogger.swift */ = {isa = PBXFileReference; lastKnownFileType = sourcecode.swift; path = AmplitudeLogger.swift; sourceTree = "<group>"; };
		FAB993A0257B5DBE008D2EE6 /* Trending.app */ = {isa = PBXFileReference; explicitFileType = wrapper.application; includeInIndex = 0; path = Trending.app; sourceTree = BUILT_PRODUCTS_DIR; };
		FAB993A7257B5DC0008D2EE6 /* Assets.xcassets */ = {isa = PBXFileReference; lastKnownFileType = folder.assetcatalog; path = Assets.xcassets; sourceTree = "<group>"; };
		FAB993AA257B5DC0008D2EE6 /* Preview Assets.xcassets */ = {isa = PBXFileReference; lastKnownFileType = folder.assetcatalog; path = "Preview Assets.xcassets"; sourceTree = "<group>"; };
		FAB993AC257B5DC0008D2EE6 /* Info.plist */ = {isa = PBXFileReference; lastKnownFileType = text.plist.xml; path = Info.plist; sourceTree = "<group>"; };
		FAB993B1257B5DC0008D2EE6 /* TrendingTests.xctest */ = {isa = PBXFileReference; explicitFileType = wrapper.cfbundle; includeInIndex = 0; path = TrendingTests.xctest; sourceTree = BUILT_PRODUCTS_DIR; };
		FAB993B5257B5DC0008D2EE6 /* TrendingTests.swift */ = {isa = PBXFileReference; lastKnownFileType = sourcecode.swift; path = TrendingTests.swift; sourceTree = "<group>"; };
		FAB993B7257B5DC0008D2EE6 /* Info.plist */ = {isa = PBXFileReference; lastKnownFileType = text.plist.xml; path = Info.plist; sourceTree = "<group>"; };
		FAB993BC257B5DC1008D2EE6 /* TrendingUITests.xctest */ = {isa = PBXFileReference; explicitFileType = wrapper.cfbundle; includeInIndex = 0; path = TrendingUITests.xctest; sourceTree = BUILT_PRODUCTS_DIR; };
		FAB993C0257B5DC1008D2EE6 /* TrendingUITests.swift */ = {isa = PBXFileReference; lastKnownFileType = sourcecode.swift; path = TrendingUITests.swift; sourceTree = "<group>"; };
		FAB993C2257B5DC1008D2EE6 /* Info.plist */ = {isa = PBXFileReference; lastKnownFileType = text.plist.xml; path = Info.plist; sourceTree = "<group>"; };
		FAB993D3257B5F4C008D2EE6 /* TrendingClient.swift */ = {isa = PBXFileReference; fileEncoding = 4; lastKnownFileType = sourcecode.swift; path = TrendingClient.swift; sourceTree = "<group>"; };
		FAB99402257B8837008D2EE6 /* TrendDetail.swift */ = {isa = PBXFileReference; fileEncoding = 4; lastKnownFileType = sourcecode.swift; path = TrendDetail.swift; sourceTree = "<group>"; };
		FAB9940A257B884D008D2EE6 /* TrendChartView.swift */ = {isa = PBXFileReference; lastKnownFileType = sourcecode.swift; path = TrendChartView.swift; sourceTree = "<group>"; };
		FAB99413257C4314008D2EE6 /* NavigationLazyView.swift */ = {isa = PBXFileReference; lastKnownFileType = sourcecode.swift; path = NavigationLazyView.swift; sourceTree = "<group>"; };
		FAB99418257C5AD6008D2EE6 /* NetworkClient.swift */ = {isa = PBXFileReference; lastKnownFileType = sourcecode.swift; path = NetworkClient.swift; sourceTree = "<group>"; };
		FAB99426257C5DC4008D2EE6 /* Servicelocator.swift */ = {isa = PBXFileReference; lastKnownFileType = sourcecode.swift; path = Servicelocator.swift; sourceTree = "<group>"; };
		FAB99431257C78DD008D2EE6 /* RouterClient.swift */ = {isa = PBXFileReference; lastKnownFileType = sourcecode.swift; path = RouterClient.swift; sourceTree = "<group>"; };
		FAB99436257C78EC008D2EE6 /* BasicClient.swift */ = {isa = PBXFileReference; lastKnownFileType = sourcecode.swift; path = BasicClient.swift; sourceTree = "<group>"; };
		FAC1C19F25834C6B0020BAA4 /* SearchBar.swift */ = {isa = PBXFileReference; lastKnownFileType = sourcecode.swift; path = SearchBar.swift; sourceTree = "<group>"; };
		FAC1C1A7258426A10020BAA4 /* ErrorHandler.swift */ = {isa = PBXFileReference; lastKnownFileType = sourcecode.swift; path = ErrorHandler.swift; sourceTree = "<group>"; };
		FAFAEDD1257CBCA700B53DDC /* TrendList.swift */ = {isa = PBXFileReference; fileEncoding = 4; lastKnownFileType = sourcecode.swift; path = TrendList.swift; sourceTree = "<group>"; };
		FAFAEDD2257CBCA700B53DDC /* TrendRow.swift */ = {isa = PBXFileReference; fileEncoding = 4; lastKnownFileType = sourcecode.swift; path = TrendRow.swift; sourceTree = "<group>"; };
		FAFAEDDC257D789C00B53DDC /* PlaceListView.swift */ = {isa = PBXFileReference; lastKnownFileType = sourcecode.swift; path = PlaceListView.swift; sourceTree = "<group>"; };
		FAFAEDE6257D78EC00B53DDC /* ContentView.swift */ = {isa = PBXFileReference; fileEncoding = 4; lastKnownFileType = sourcecode.swift; path = ContentView.swift; sourceTree = "<group>"; };
		FAFAEDE7257D78EC00B53DDC /* TrendingApp.swift */ = {isa = PBXFileReference; fileEncoding = 4; lastKnownFileType = sourcecode.swift; path = TrendingApp.swift; sourceTree = "<group>"; };
/* End PBXFileReference section */

/* Begin PBXFrameworksBuildPhase section */
		FAB9939D257B5DBE008D2EE6 /* Frameworks */ = {
			isa = PBXFrameworksBuildPhase;
			buildActionMask = 2147483647;
			files = (
				F6E677EA639DD41F65D773B4 /* Pods_Trending.framework in Frameworks */,
			);
			runOnlyForDeploymentPostprocessing = 0;
		};
		FAB993AE257B5DC0008D2EE6 /* Frameworks */ = {
			isa = PBXFrameworksBuildPhase;
			buildActionMask = 2147483647;
			files = (
				0DE8DCEF056D04A4315D5DA0 /* Pods_TrendingTests.framework in Frameworks */,
			);
			runOnlyForDeploymentPostprocessing = 0;
		};
		FAB993B9257B5DC0008D2EE6 /* Frameworks */ = {
			isa = PBXFrameworksBuildPhase;
			buildActionMask = 2147483647;
			files = (
				8F560CE6515AE71211823733 /* Pods_Trending_TrendingUITests.framework in Frameworks */,
			);
			runOnlyForDeploymentPostprocessing = 0;
		};
/* End PBXFrameworksBuildPhase section */

/* Begin PBXGroup section */
		6238460F101702E7ABEE079B /* Pods */ = {
			isa = PBXGroup;
			children = (
				1E7EF62F9FA36927FD750CA4 /* Pods-Trending.debug.xcconfig */,
				6BFBBFA3D19DB78BDA1889A2 /* Pods-Trending.release.xcconfig */,
				1C2CD87CA7296D565F6D741D /* Pods-Trending-TrendingUITests.debug.xcconfig */,
				AA7C3F315B6E0FA5AF737A0A /* Pods-Trending-TrendingUITests.release.xcconfig */,
				2B38141346C1DB2071782856 /* Pods-TrendingTests.debug.xcconfig */,
				8CACE4BD1640B8754FE376A9 /* Pods-TrendingTests.release.xcconfig */,
			);
			path = Pods;
			sourceTree = "<group>";
		};
		C5B715661460977446B79612 /* Frameworks */ = {
			isa = PBXGroup;
			children = (
				1822F25AFF51BDD02ADF5C39 /* Pods_Trending.framework */,
				CFF29089FDAA4F9C7B5D3297 /* Pods_Trending_TrendingUITests.framework */,
				41AC14C5102A100CFAC2F6DE /* Pods_TrendingTests.framework */,
			);
			name = Frameworks;
			sourceTree = "<group>";
		};
		FA3C49AF2587056100A6D625 /* Behaviour */ = {
			isa = PBXGroup;
			children = (
				FA3C49B3258707E800A6D625 /* BehaviourProtocol.swift */,
				FA3C49B8258707F100A6D625 /* ScreenViewBehaviour.swift */,
				FA3C49BD2587085500A6D625 /* ErrorDisplayBehaviour.swift */,
				FA3C49C22587193300A6D625 /* BehaviourContainer.swift */,
			);
			path = Behaviour;
			sourceTree = "<group>";
		};
		FA3C49C72587284C00A6D625 /* Analytics */ = {
			isa = PBXGroup;
			children = (
				FA3C49C82587285E00A6D625 /* Analytics.swift */,
				FA3C49D0258729B400A6D625 /* Analytics+Trends.swift */,
				FA3C49E72587526000A6D625 /* AmplitudeLogger.swift */,
			);
			path = Analytics;
			sourceTree = "<group>";
		};
		FAB99397257B5DBE008D2EE6 = {
			isa = PBXGroup;
			children = (
				FAB993A2257B5DBE008D2EE6 /* Trending */,
				FAB993B4257B5DC0008D2EE6 /* TrendingTests */,
				FAB993BF257B5DC1008D2EE6 /* TrendingUITests */,
				FAB993A1257B5DBE008D2EE6 /* Products */,
				6238460F101702E7ABEE079B /* Pods */,
				C5B715661460977446B79612 /* Frameworks */,
			);
			sourceTree = "<group>";
		};
		FAB993A1257B5DBE008D2EE6 /* Products */ = {
			isa = PBXGroup;
			children = (
				FAB993A0257B5DBE008D2EE6 /* Trending.app */,
				FAB993B1257B5DC0008D2EE6 /* TrendingTests.xctest */,
				FAB993BC257B5DC1008D2EE6 /* TrendingUITests.xctest */,
			);
			name = Products;
			sourceTree = "<group>";
		};
		FAB993A2257B5DBE008D2EE6 /* Trending */ = {
			isa = PBXGroup;
			children = (
				FA3C49C72587284C00A6D625 /* Analytics */,
				FA3C49AF2587056100A6D625 /* Behaviour */,
				FAC1C19E25834C5C0020BAA4 /* Components */,
				FAB99425257C5D4B008D2EE6 /* Service */,
				FAB99412257C430B008D2EE6 /* Util */,
				FAB993D2257B5F31008D2EE6 /* Client */,
				FAB993D1257B5F2D008D2EE6 /* View */,
				FAB993A7257B5DC0008D2EE6 /* Assets.xcassets */,
				FAB993AC257B5DC0008D2EE6 /* Info.plist */,
				FAB993A9257B5DC0008D2EE6 /* Preview Content */,
			);
			path = Trending;
			sourceTree = "<group>";
		};
		FAB993A9257B5DC0008D2EE6 /* Preview Content */ = {
			isa = PBXGroup;
			children = (
				FAB993AA257B5DC0008D2EE6 /* Preview Assets.xcassets */,
			);
			path = "Preview Content";
			sourceTree = "<group>";
		};
		FAB993B4257B5DC0008D2EE6 /* TrendingTests */ = {
			isa = PBXGroup;
			children = (
				FAB993B5257B5DC0008D2EE6 /* TrendingTests.swift */,
				FAB993B7257B5DC0008D2EE6 /* Info.plist */,
			);
			path = TrendingTests;
			sourceTree = "<group>";
		};
		FAB993BF257B5DC1008D2EE6 /* TrendingUITests */ = {
			isa = PBXGroup;
			children = (
				FAB993C0257B5DC1008D2EE6 /* TrendingUITests.swift */,
				FAB993C2257B5DC1008D2EE6 /* Info.plist */,
			);
			path = TrendingUITests;
			sourceTree = "<group>";
		};
		FAB993D1257B5F2D008D2EE6 /* View */ = {
			isa = PBXGroup;
			children = (
				FAFAEDE5257D78EC00B53DDC /* Main */,
				FAFAEDDB257D789300B53DDC /* Place */,
				FAFAEDD0257CBCA700B53DDC /* List */,
				FAB99401257B8837008D2EE6 /* Detail */,
			);
			path = View;
			sourceTree = "<group>";
		};
		FAB993D2257B5F31008D2EE6 /* Client */ = {
			isa = PBXGroup;
			children = (
				FAB993D3257B5F4C008D2EE6 /* TrendingClient.swift */,
				FAB99418257C5AD6008D2EE6 /* NetworkClient.swift */,
				FAB99431257C78DD008D2EE6 /* RouterClient.swift */,
				FAB99436257C78EC008D2EE6 /* BasicClient.swift */,
			);
			path = Client;
			sourceTree = "<group>";
		};
		FAB99401257B8837008D2EE6 /* Detail */ = {
			isa = PBXGroup;
			children = (
				FAB99402257B8837008D2EE6 /* TrendDetail.swift */,
				FAB9940A257B884D008D2EE6 /* TrendChartView.swift */,
			);
			path = Detail;
			sourceTree = "<group>";
		};
		FAB99412257C430B008D2EE6 /* Util */ = {
			isa = PBXGroup;
			children = (
				FAB99413257C4314008D2EE6 /* NavigationLazyView.swift */,
				FAC1C1A7258426A10020BAA4 /* ErrorHandler.swift */,
			);
			path = Util;
			sourceTree = "<group>";
		};
		FAB99425257C5D4B008D2EE6 /* Service */ = {
			isa = PBXGroup;
			children = (
				FAB99426257C5DC4008D2EE6 /* Servicelocator.swift */,
			);
			path = Service;
			sourceTree = "<group>";
		};
		FAC1C19E25834C5C0020BAA4 /* Components */ = {
			isa = PBXGroup;
			children = (
				FAC1C19F25834C6B0020BAA4 /* SearchBar.swift */,
			);
			path = Components;
			sourceTree = "<group>";
		};
		FAFAEDD0257CBCA700B53DDC /* List */ = {
			isa = PBXGroup;
			children = (
				FAFAEDD1257CBCA700B53DDC /* TrendList.swift */,
				FAFAEDD2257CBCA700B53DDC /* TrendRow.swift */,
			);
			path = List;
			sourceTree = "<group>";
		};
		FAFAEDDB257D789300B53DDC /* Place */ = {
			isa = PBXGroup;
			children = (
				FAFAEDDC257D789C00B53DDC /* PlaceListView.swift */,
			);
			path = Place;
			sourceTree = "<group>";
		};
		FAFAEDE5257D78EC00B53DDC /* Main */ = {
			isa = PBXGroup;
			children = (
				FAFAEDE6257D78EC00B53DDC /* ContentView.swift */,
				FAFAEDE7257D78EC00B53DDC /* TrendingApp.swift */,
			);
			path = Main;
			sourceTree = "<group>";
		};
/* End PBXGroup section */

/* Begin PBXNativeTarget section */
		FAB9939F257B5DBE008D2EE6 /* Trending */ = {
			isa = PBXNativeTarget;
			buildConfigurationList = FAB993C5257B5DC1008D2EE6 /* Build configuration list for PBXNativeTarget "Trending" */;
			buildPhases = (
				BEF79E0E048C4A3CDC15325B /* [CP] Check Pods Manifest.lock */,
				FAB9939C257B5DBE008D2EE6 /* Sources */,
				FAB9939D257B5DBE008D2EE6 /* Frameworks */,
				FAB9939E257B5DBE008D2EE6 /* Resources */,
				3CF740D6628C7E2BE50F646E /* [CP] Embed Pods Frameworks */,
			);
			buildRules = (
			);
			dependencies = (
			);
			name = Trending;
			productName = Trending;
			productReference = FAB993A0257B5DBE008D2EE6 /* Trending.app */;
			productType = "com.apple.product-type.application";
		};
		FAB993B0257B5DC0008D2EE6 /* TrendingTests */ = {
			isa = PBXNativeTarget;
			buildConfigurationList = FAB993C8257B5DC1008D2EE6 /* Build configuration list for PBXNativeTarget "TrendingTests" */;
			buildPhases = (
				76482B4EEEAAEF07884BA1C5 /* [CP] Check Pods Manifest.lock */,
				FAB993AD257B5DC0008D2EE6 /* Sources */,
				FAB993AE257B5DC0008D2EE6 /* Frameworks */,
				FAB993AF257B5DC0008D2EE6 /* Resources */,
			);
			buildRules = (
			);
			dependencies = (
				FAB993B3257B5DC0008D2EE6 /* PBXTargetDependency */,
			);
			name = TrendingTests;
			productName = TrendingTests;
			productReference = FAB993B1257B5DC0008D2EE6 /* TrendingTests.xctest */;
			productType = "com.apple.product-type.bundle.unit-test";
		};
		FAB993BB257B5DC0008D2EE6 /* TrendingUITests */ = {
			isa = PBXNativeTarget;
			buildConfigurationList = FAB993CB257B5DC1008D2EE6 /* Build configuration list for PBXNativeTarget "TrendingUITests" */;
			buildPhases = (
				0BD1C7D3E17950D83D426499 /* [CP] Check Pods Manifest.lock */,
				FAB993B8257B5DC0008D2EE6 /* Sources */,
				FAB993B9257B5DC0008D2EE6 /* Frameworks */,
				FAB993BA257B5DC0008D2EE6 /* Resources */,
				A41F1BECC55F37F1B30E4323 /* [CP] Embed Pods Frameworks */,
			);
			buildRules = (
			);
			dependencies = (
				FAB993BE257B5DC1008D2EE6 /* PBXTargetDependency */,
			);
			name = TrendingUITests;
			productName = TrendingUITests;
			productReference = FAB993BC257B5DC1008D2EE6 /* TrendingUITests.xctest */;
			productType = "com.apple.product-type.bundle.ui-testing";
		};
/* End PBXNativeTarget section */

/* Begin PBXProject section */
		FAB99398257B5DBE008D2EE6 /* Project object */ = {
			isa = PBXProject;
			attributes = {
				LastSwiftUpdateCheck = 1220;
				LastUpgradeCheck = 1220;
				TargetAttributes = {
					FAB9939F257B5DBE008D2EE6 = {
						CreatedOnToolsVersion = 12.2;
					};
					FAB993B0257B5DC0008D2EE6 = {
						CreatedOnToolsVersion = 12.2;
						TestTargetID = FAB9939F257B5DBE008D2EE6;
					};
					FAB993BB257B5DC0008D2EE6 = {
						CreatedOnToolsVersion = 12.2;
						TestTargetID = FAB9939F257B5DBE008D2EE6;
					};
				};
			};
			buildConfigurationList = FAB9939B257B5DBE008D2EE6 /* Build configuration list for PBXProject "Trending" */;
			compatibilityVersion = "Xcode 9.3";
			developmentRegion = en;
			hasScannedForEncodings = 0;
			knownRegions = (
				en,
				Base,
			);
			mainGroup = FAB99397257B5DBE008D2EE6;
			productRefGroup = FAB993A1257B5DBE008D2EE6 /* Products */;
			projectDirPath = "";
			projectRoot = "";
			targets = (
				FAB9939F257B5DBE008D2EE6 /* Trending */,
				FAB993B0257B5DC0008D2EE6 /* TrendingTests */,
				FAB993BB257B5DC0008D2EE6 /* TrendingUITests */,
			);
		};
/* End PBXProject section */

/* Begin PBXResourcesBuildPhase section */
		FAB9939E257B5DBE008D2EE6 /* Resources */ = {
			isa = PBXResourcesBuildPhase;
			buildActionMask = 2147483647;
			files = (
				FAB993AB257B5DC0008D2EE6 /* Preview Assets.xcassets in Resources */,
				FAB993A8257B5DC0008D2EE6 /* Assets.xcassets in Resources */,
			);
			runOnlyForDeploymentPostprocessing = 0;
		};
		FAB993AF257B5DC0008D2EE6 /* Resources */ = {
			isa = PBXResourcesBuildPhase;
			buildActionMask = 2147483647;
			files = (
			);
			runOnlyForDeploymentPostprocessing = 0;
		};
		FAB993BA257B5DC0008D2EE6 /* Resources */ = {
			isa = PBXResourcesBuildPhase;
			buildActionMask = 2147483647;
			files = (
			);
			runOnlyForDeploymentPostprocessing = 0;
		};
/* End PBXResourcesBuildPhase section */

/* Begin PBXShellScriptBuildPhase section */
		0BD1C7D3E17950D83D426499 /* [CP] Check Pods Manifest.lock */ = {
			isa = PBXShellScriptBuildPhase;
			buildActionMask = 2147483647;
			files = (
			);
			inputFileListPaths = (
			);
			inputPaths = (
				"${PODS_PODFILE_DIR_PATH}/Podfile.lock",
				"${PODS_ROOT}/Manifest.lock",
			);
			name = "[CP] Check Pods Manifest.lock";
			outputFileListPaths = (
			);
			outputPaths = (
				"$(DERIVED_FILE_DIR)/Pods-Trending-TrendingUITests-checkManifestLockResult.txt",
			);
			runOnlyForDeploymentPostprocessing = 0;
			shellPath = /bin/sh;
			shellScript = "diff \"${PODS_PODFILE_DIR_PATH}/Podfile.lock\" \"${PODS_ROOT}/Manifest.lock\" > /dev/null\nif [ $? != 0 ] ; then\n    # print error to STDERR\n    echo \"error: The sandbox is not in sync with the Podfile.lock. Run 'pod install' or update your CocoaPods installation.\" >&2\n    exit 1\nfi\n# This output is used by Xcode 'outputs' to avoid re-running this script phase.\necho \"SUCCESS\" > \"${SCRIPT_OUTPUT_FILE_0}\"\n";
			showEnvVarsInLog = 0;
		};
		3CF740D6628C7E2BE50F646E /* [CP] Embed Pods Frameworks */ = {
			isa = PBXShellScriptBuildPhase;
			buildActionMask = 2147483647;
			files = (
			);
			inputFileListPaths = (
				"${PODS_ROOT}/Target Support Files/Pods-Trending/Pods-Trending-frameworks-${CONFIGURATION}-input-files.xcfilelist",
			);
			name = "[CP] Embed Pods Frameworks";
			outputFileListPaths = (
				"${PODS_ROOT}/Target Support Files/Pods-Trending/Pods-Trending-frameworks-${CONFIGURATION}-output-files.xcfilelist",
			);
			runOnlyForDeploymentPostprocessing = 0;
			shellPath = /bin/sh;
			shellScript = "\"${PODS_ROOT}/Target Support Files/Pods-Trending/Pods-Trending-frameworks.sh\"\n";
			showEnvVarsInLog = 0;
		};
		76482B4EEEAAEF07884BA1C5 /* [CP] Check Pods Manifest.lock */ = {
			isa = PBXShellScriptBuildPhase;
			buildActionMask = 2147483647;
			files = (
			);
			inputFileListPaths = (
			);
			inputPaths = (
				"${PODS_PODFILE_DIR_PATH}/Podfile.lock",
				"${PODS_ROOT}/Manifest.lock",
			);
			name = "[CP] Check Pods Manifest.lock";
			outputFileListPaths = (
			);
			outputPaths = (
				"$(DERIVED_FILE_DIR)/Pods-TrendingTests-checkManifestLockResult.txt",
			);
			runOnlyForDeploymentPostprocessing = 0;
			shellPath = /bin/sh;
			shellScript = "diff \"${PODS_PODFILE_DIR_PATH}/Podfile.lock\" \"${PODS_ROOT}/Manifest.lock\" > /dev/null\nif [ $? != 0 ] ; then\n    # print error to STDERR\n    echo \"error: The sandbox is not in sync with the Podfile.lock. Run 'pod install' or update your CocoaPods installation.\" >&2\n    exit 1\nfi\n# This output is used by Xcode 'outputs' to avoid re-running this script phase.\necho \"SUCCESS\" > \"${SCRIPT_OUTPUT_FILE_0}\"\n";
			showEnvVarsInLog = 0;
		};
		A41F1BECC55F37F1B30E4323 /* [CP] Embed Pods Frameworks */ = {
			isa = PBXShellScriptBuildPhase;
			buildActionMask = 2147483647;
			files = (
			);
			inputFileListPaths = (
				"${PODS_ROOT}/Target Support Files/Pods-Trending-TrendingUITests/Pods-Trending-TrendingUITests-frameworks-${CONFIGURATION}-input-files.xcfilelist",
			);
			name = "[CP] Embed Pods Frameworks";
			outputFileListPaths = (
				"${PODS_ROOT}/Target Support Files/Pods-Trending-TrendingUITests/Pods-Trending-TrendingUITests-frameworks-${CONFIGURATION}-output-files.xcfilelist",
			);
			runOnlyForDeploymentPostprocessing = 0;
			shellPath = /bin/sh;
			shellScript = "\"${PODS_ROOT}/Target Support Files/Pods-Trending-TrendingUITests/Pods-Trending-TrendingUITests-frameworks.sh\"\n";
			showEnvVarsInLog = 0;
		};
		BEF79E0E048C4A3CDC15325B /* [CP] Check Pods Manifest.lock */ = {
			isa = PBXShellScriptBuildPhase;
			buildActionMask = 2147483647;
			files = (
			);
			inputFileListPaths = (
			);
			inputPaths = (
				"${PODS_PODFILE_DIR_PATH}/Podfile.lock",
				"${PODS_ROOT}/Manifest.lock",
			);
			name = "[CP] Check Pods Manifest.lock";
			outputFileListPaths = (
			);
			outputPaths = (
				"$(DERIVED_FILE_DIR)/Pods-Trending-checkManifestLockResult.txt",
			);
			runOnlyForDeploymentPostprocessing = 0;
			shellPath = /bin/sh;
			shellScript = "diff \"${PODS_PODFILE_DIR_PATH}/Podfile.lock\" \"${PODS_ROOT}/Manifest.lock\" > /dev/null\nif [ $? != 0 ] ; then\n    # print error to STDERR\n    echo \"error: The sandbox is not in sync with the Podfile.lock. Run 'pod install' or update your CocoaPods installation.\" >&2\n    exit 1\nfi\n# This output is used by Xcode 'outputs' to avoid re-running this script phase.\necho \"SUCCESS\" > \"${SCRIPT_OUTPUT_FILE_0}\"\n";
			showEnvVarsInLog = 0;
		};
/* End PBXShellScriptBuildPhase section */

/* Begin PBXSourcesBuildPhase section */
		FAB9939C257B5DBE008D2EE6 /* Sources */ = {
			isa = PBXSourcesBuildPhase;
			buildActionMask = 2147483647;
			files = (
				FAFAEDE9257D78EC00B53DDC /* TrendingApp.swift in Sources */,
				FAFAEDD3257CBCA700B53DDC /* TrendList.swift in Sources */,
				FAB993D4257B5F4C008D2EE6 /* TrendingClient.swift in Sources */,
				FAFAEDE8257D78EC00B53DDC /* ContentView.swift in Sources */,
				FAFAEDD4257CBCA700B53DDC /* TrendRow.swift in Sources */,
				FAB99437257C78EC008D2EE6 /* BasicClient.swift in Sources */,
				FA3C49B9258707F100A6D625 /* ScreenViewBehaviour.swift in Sources */,
				FAB99432257C78DD008D2EE6 /* RouterClient.swift in Sources */,
				FAC1C1A025834C6B0020BAA4 /* SearchBar.swift in Sources */,
				FA3C49C92587285E00A6D625 /* Analytics.swift in Sources */,
				FA3C49B4258707E800A6D625 /* BehaviourProtocol.swift in Sources */,
				FAB99427257C5DC4008D2EE6 /* Servicelocator.swift in Sources */,
				FAB99419257C5AD6008D2EE6 /* NetworkClient.swift in Sources */,
				FA3C49BE2587085600A6D625 /* ErrorDisplayBehaviour.swift in Sources */,
				FAB9940B257B884D008D2EE6 /* TrendChartView.swift in Sources */,
				FAFAEDDD257D789C00B53DDC /* PlaceListView.swift in Sources */,
				FAC1C1A8258426A10020BAA4 /* ErrorHandler.swift in Sources */,
				FA3C49D1258729B400A6D625 /* Analytics+Trends.swift in Sources */,
				FAB99414257C4314008D2EE6 /* NavigationLazyView.swift in Sources */,
				FAB99403257B8837008D2EE6 /* TrendDetail.swift in Sources */,
				FA3C49C32587193300A6D625 /* BehaviourContainer.swift in Sources */,
				FA3C49E82587526000A6D625 /* AmplitudeLogger.swift in Sources */,
			);
			runOnlyForDeploymentPostprocessing = 0;
		};
		FAB993AD257B5DC0008D2EE6 /* Sources */ = {
			isa = PBXSourcesBuildPhase;
			buildActionMask = 2147483647;
			files = (
				FAB993B6257B5DC0008D2EE6 /* TrendingTests.swift in Sources */,
			);
			runOnlyForDeploymentPostprocessing = 0;
		};
		FAB993B8257B5DC0008D2EE6 /* Sources */ = {
			isa = PBXSourcesBuildPhase;
			buildActionMask = 2147483647;
			files = (
				FAB993C1257B5DC1008D2EE6 /* TrendingUITests.swift in Sources */,
			);
			runOnlyForDeploymentPostprocessing = 0;
		};
/* End PBXSourcesBuildPhase section */

/* Begin PBXTargetDependency section */
		FAB993B3257B5DC0008D2EE6 /* PBXTargetDependency */ = {
			isa = PBXTargetDependency;
			target = FAB9939F257B5DBE008D2EE6 /* Trending */;
			targetProxy = FAB993B2257B5DC0008D2EE6 /* PBXContainerItemProxy */;
		};
		FAB993BE257B5DC1008D2EE6 /* PBXTargetDependency */ = {
			isa = PBXTargetDependency;
			target = FAB9939F257B5DBE008D2EE6 /* Trending */;
			targetProxy = FAB993BD257B5DC1008D2EE6 /* PBXContainerItemProxy */;
		};
/* End PBXTargetDependency section */

/* Begin XCBuildConfiguration section */
		FAB993C3257B5DC1008D2EE6 /* Debug */ = {
			isa = XCBuildConfiguration;
			buildSettings = {
				ALWAYS_SEARCH_USER_PATHS = NO;
				CLANG_ANALYZER_NONNULL = YES;
				CLANG_ANALYZER_NUMBER_OBJECT_CONVERSION = YES_AGGRESSIVE;
				CLANG_CXX_LANGUAGE_STANDARD = "gnu++14";
				CLANG_CXX_LIBRARY = "libc++";
				CLANG_ENABLE_MODULES = YES;
				CLANG_ENABLE_OBJC_ARC = YES;
				CLANG_ENABLE_OBJC_WEAK = YES;
				CLANG_WARN_BLOCK_CAPTURE_AUTORELEASING = YES;
				CLANG_WARN_BOOL_CONVERSION = YES;
				CLANG_WARN_COMMA = YES;
				CLANG_WARN_CONSTANT_CONVERSION = YES;
				CLANG_WARN_DEPRECATED_OBJC_IMPLEMENTATIONS = YES;
				CLANG_WARN_DIRECT_OBJC_ISA_USAGE = YES_ERROR;
				CLANG_WARN_DOCUMENTATION_COMMENTS = YES;
				CLANG_WARN_EMPTY_BODY = YES;
				CLANG_WARN_ENUM_CONVERSION = YES;
				CLANG_WARN_INFINITE_RECURSION = YES;
				CLANG_WARN_INT_CONVERSION = YES;
				CLANG_WARN_NON_LITERAL_NULL_CONVERSION = YES;
				CLANG_WARN_OBJC_IMPLICIT_RETAIN_SELF = YES;
				CLANG_WARN_OBJC_LITERAL_CONVERSION = YES;
				CLANG_WARN_OBJC_ROOT_CLASS = YES_ERROR;
				CLANG_WARN_QUOTED_INCLUDE_IN_FRAMEWORK_HEADER = YES;
				CLANG_WARN_RANGE_LOOP_ANALYSIS = YES;
				CLANG_WARN_STRICT_PROTOTYPES = YES;
				CLANG_WARN_SUSPICIOUS_MOVE = YES;
				CLANG_WARN_UNGUARDED_AVAILABILITY = YES_AGGRESSIVE;
				CLANG_WARN_UNREACHABLE_CODE = YES;
				CLANG_WARN__DUPLICATE_METHOD_MATCH = YES;
				COPY_PHASE_STRIP = NO;
				CURRENT_PROJECT_VERSION = 13;
				DEBUG_INFORMATION_FORMAT = dwarf;
				ENABLE_STRICT_OBJC_MSGSEND = YES;
				ENABLE_TESTABILITY = YES;
				GCC_C_LANGUAGE_STANDARD = gnu11;
				GCC_DYNAMIC_NO_PIC = NO;
				GCC_NO_COMMON_BLOCKS = YES;
				GCC_OPTIMIZATION_LEVEL = 0;
				GCC_PREPROCESSOR_DEFINITIONS = (
					"DEBUG=1",
					"$(inherited)",
				);
				GCC_WARN_64_TO_32_BIT_CONVERSION = YES;
				GCC_WARN_ABOUT_RETURN_TYPE = YES_ERROR;
				GCC_WARN_UNDECLARED_SELECTOR = YES;
				GCC_WARN_UNINITIALIZED_AUTOS = YES_AGGRESSIVE;
				GCC_WARN_UNUSED_FUNCTION = YES;
				GCC_WARN_UNUSED_VARIABLE = YES;
				IPHONEOS_DEPLOYMENT_TARGET = 14.2;
				MTL_ENABLE_DEBUG_INFO = INCLUDE_SOURCE;
				MTL_FAST_MATH = YES;
				ONLY_ACTIVE_ARCH = YES;
				SDKROOT = iphoneos;
				SWIFT_ACTIVE_COMPILATION_CONDITIONS = DEBUG;
				SWIFT_OPTIMIZATION_LEVEL = "-Onone";
			};
			name = Debug;
		};
		FAB993C4257B5DC1008D2EE6 /* Release */ = {
			isa = XCBuildConfiguration;
			buildSettings = {
				ALWAYS_SEARCH_USER_PATHS = NO;
				CLANG_ANALYZER_NONNULL = YES;
				CLANG_ANALYZER_NUMBER_OBJECT_CONVERSION = YES_AGGRESSIVE;
				CLANG_CXX_LANGUAGE_STANDARD = "gnu++14";
				CLANG_CXX_LIBRARY = "libc++";
				CLANG_ENABLE_MODULES = YES;
				CLANG_ENABLE_OBJC_ARC = YES;
				CLANG_ENABLE_OBJC_WEAK = YES;
				CLANG_WARN_BLOCK_CAPTURE_AUTORELEASING = YES;
				CLANG_WARN_BOOL_CONVERSION = YES;
				CLANG_WARN_COMMA = YES;
				CLANG_WARN_CONSTANT_CONVERSION = YES;
				CLANG_WARN_DEPRECATED_OBJC_IMPLEMENTATIONS = YES;
				CLANG_WARN_DIRECT_OBJC_ISA_USAGE = YES_ERROR;
				CLANG_WARN_DOCUMENTATION_COMMENTS = YES;
				CLANG_WARN_EMPTY_BODY = YES;
				CLANG_WARN_ENUM_CONVERSION = YES;
				CLANG_WARN_INFINITE_RECURSION = YES;
				CLANG_WARN_INT_CONVERSION = YES;
				CLANG_WARN_NON_LITERAL_NULL_CONVERSION = YES;
				CLANG_WARN_OBJC_IMPLICIT_RETAIN_SELF = YES;
				CLANG_WARN_OBJC_LITERAL_CONVERSION = YES;
				CLANG_WARN_OBJC_ROOT_CLASS = YES_ERROR;
				CLANG_WARN_QUOTED_INCLUDE_IN_FRAMEWORK_HEADER = YES;
				CLANG_WARN_RANGE_LOOP_ANALYSIS = YES;
				CLANG_WARN_STRICT_PROTOTYPES = YES;
				CLANG_WARN_SUSPICIOUS_MOVE = YES;
				CLANG_WARN_UNGUARDED_AVAILABILITY = YES_AGGRESSIVE;
				CLANG_WARN_UNREACHABLE_CODE = YES;
				CLANG_WARN__DUPLICATE_METHOD_MATCH = YES;
				COPY_PHASE_STRIP = NO;
				CURRENT_PROJECT_VERSION = 13;
				DEBUG_INFORMATION_FORMAT = "dwarf-with-dsym";
				ENABLE_NS_ASSERTIONS = NO;
				ENABLE_STRICT_OBJC_MSGSEND = YES;
				GCC_C_LANGUAGE_STANDARD = gnu11;
				GCC_NO_COMMON_BLOCKS = YES;
				GCC_WARN_64_TO_32_BIT_CONVERSION = YES;
				GCC_WARN_ABOUT_RETURN_TYPE = YES_ERROR;
				GCC_WARN_UNDECLARED_SELECTOR = YES;
				GCC_WARN_UNINITIALIZED_AUTOS = YES_AGGRESSIVE;
				GCC_WARN_UNUSED_FUNCTION = YES;
				GCC_WARN_UNUSED_VARIABLE = YES;
				IPHONEOS_DEPLOYMENT_TARGET = 14.2;
				MTL_ENABLE_DEBUG_INFO = NO;
				MTL_FAST_MATH = YES;
				SDKROOT = iphoneos;
				SWIFT_COMPILATION_MODE = wholemodule;
				SWIFT_OPTIMIZATION_LEVEL = "-O";
				VALIDATE_PRODUCT = YES;
			};
			name = Release;
		};
		FAB993C6257B5DC1008D2EE6 /* Debug */ = {
			isa = XCBuildConfiguration;
			baseConfigurationReference = 1E7EF62F9FA36927FD750CA4 /* Pods-Trending.debug.xcconfig */;
			buildSettings = {
				ASSETCATALOG_COMPILER_APPICON_NAME = AppIcon;
				ASSETCATALOG_COMPILER_GLOBAL_ACCENT_COLOR_NAME = AccentColor;
				CODE_SIGN_IDENTITY = "iPhone Distribution";
				CODE_SIGN_STYLE = Manual;
				DEVELOPMENT_ASSET_PATHS = "\"Trending/Preview Content\"";
				DEVELOPMENT_TEAM = X4S6MUZL2D;
				ENABLE_PREVIEWS = YES;
				INFOPLIST_FILE = Trending/Info.plist;
				IPHONEOS_DEPLOYMENT_TARGET = 14.0;
				LD_RUNPATH_SEARCH_PATHS = (
					"$(inherited)",
					"@executable_path/Frameworks",
				);
				PRODUCT_BUNDLE_IDENTIFIER = com.skorulis.Trending;
				PRODUCT_NAME = "$(TARGET_NAME)";
				PROVISIONING_PROFILE_SPECIFIER = "match AdHoc com.skorulis.Trending";
				SWIFT_VERSION = 5.0;
				TARGETED_DEVICE_FAMILY = "1,2";
			};
			name = Debug;
		};
		FAB993C7257B5DC1008D2EE6 /* Release */ = {
			isa = XCBuildConfiguration;
			baseConfigurationReference = 6BFBBFA3D19DB78BDA1889A2 /* Pods-Trending.release.xcconfig */;
			buildSettings = {
				ASSETCATALOG_COMPILER_APPICON_NAME = AppIcon;
				ASSETCATALOG_COMPILER_GLOBAL_ACCENT_COLOR_NAME = AccentColor;
				CODE_SIGN_IDENTITY = "iPhone Distribution";
				CODE_SIGN_STYLE = Manual;
				DEVELOPMENT_ASSET_PATHS = "\"Trending/Preview Content\"";
				DEVELOPMENT_TEAM = X4S6MUZL2D;
				ENABLE_PREVIEWS = YES;
				INFOPLIST_FILE = Trending/Info.plist;
				IPHONEOS_DEPLOYMENT_TARGET = 14.0;
				LD_RUNPATH_SEARCH_PATHS = (
					"$(inherited)",
					"@executable_path/Frameworks",
				);
				PRODUCT_BUNDLE_IDENTIFIER = com.skorulis.Trending;
				PRODUCT_NAME = "$(TARGET_NAME)";
				PROVISIONING_PROFILE_SPECIFIER = "match AdHoc com.skorulis.Trending";
				SWIFT_VERSION = 5.0;
				TARGETED_DEVICE_FAMILY = "1,2";
			};
			name = Release;
		};
		FAB993C9257B5DC1008D2EE6 /* Debug */ = {
			isa = XCBuildConfiguration;
			baseConfigurationReference = 2B38141346C1DB2071782856 /* Pods-TrendingTests.debug.xcconfig */;
			buildSettings = {
				ALWAYS_EMBED_SWIFT_STANDARD_LIBRARIES = YES;
				BUNDLE_LOADER = "$(TEST_HOST)";
				CODE_SIGN_STYLE = Automatic;
				DEVELOPMENT_TEAM = X4S6MUZL2D;
				INFOPLIST_FILE = TrendingTests/Info.plist;
				IPHONEOS_DEPLOYMENT_TARGET = 14.0;
				LD_RUNPATH_SEARCH_PATHS = (
					"$(inherited)",
					"@executable_path/Frameworks",
					"@loader_path/Frameworks",
				);
				PRODUCT_BUNDLE_IDENTIFIER = com.skorulis.TrendingTests;
				PRODUCT_NAME = "$(TARGET_NAME)";
				SWIFT_VERSION = 5.0;
				TARGETED_DEVICE_FAMILY = "1,2";
				TEST_HOST = "$(BUILT_PRODUCTS_DIR)/Trending.app/Trending";
			};
			name = Debug;
		};
		FAB993CA257B5DC1008D2EE6 /* Release */ = {
			isa = XCBuildConfiguration;
			baseConfigurationReference = 8CACE4BD1640B8754FE376A9 /* Pods-TrendingTests.release.xcconfig */;
			buildSettings = {
				ALWAYS_EMBED_SWIFT_STANDARD_LIBRARIES = YES;
				BUNDLE_LOADER = "$(TEST_HOST)";
				CODE_SIGN_STYLE = Automatic;
				DEVELOPMENT_TEAM = X4S6MUZL2D;
				INFOPLIST_FILE = TrendingTests/Info.plist;
				IPHONEOS_DEPLOYMENT_TARGET = 14.0;
				LD_RUNPATH_SEARCH_PATHS = (
					"$(inherited)",
					"@executable_path/Frameworks",
					"@loader_path/Frameworks",
				);
				PRODUCT_BUNDLE_IDENTIFIER = com.skorulis.TrendingTests;
				PRODUCT_NAME = "$(TARGET_NAME)";
				SWIFT_VERSION = 5.0;
				TARGETED_DEVICE_FAMILY = "1,2";
				TEST_HOST = "$(BUILT_PRODUCTS_DIR)/Trending.app/Trending";
			};
			name = Release;
		};
		FAB993CC257B5DC1008D2EE6 /* Debug */ = {
			isa = XCBuildConfiguration;
			baseConfigurationReference = 1C2CD87CA7296D565F6D741D /* Pods-Trending-TrendingUITests.debug.xcconfig */;
			buildSettings = {
				ALWAYS_EMBED_SWIFT_STANDARD_LIBRARIES = YES;
				CODE_SIGN_STYLE = Automatic;
				DEVELOPMENT_TEAM = X4S6MUZL2D;
				INFOPLIST_FILE = TrendingUITests/Info.plist;
				LD_RUNPATH_SEARCH_PATHS = (
					"$(inherited)",
					"@executable_path/Frameworks",
					"@loader_path/Frameworks",
				);
				PRODUCT_BUNDLE_IDENTIFIER = com.skorulis.TrendingUITests;
				PRODUCT_NAME = "$(TARGET_NAME)";
				SWIFT_VERSION = 5.0;
				TARGETED_DEVICE_FAMILY = "1,2";
				TEST_TARGET_NAME = Trending;
			};
			name = Debug;
		};
		FAB993CD257B5DC1008D2EE6 /* Release */ = {
			isa = XCBuildConfiguration;
			baseConfigurationReference = AA7C3F315B6E0FA5AF737A0A /* Pods-Trending-TrendingUITests.release.xcconfig */;
			buildSettings = {
				ALWAYS_EMBED_SWIFT_STANDARD_LIBRARIES = YES;
				CODE_SIGN_STYLE = Automatic;
				DEVELOPMENT_TEAM = X4S6MUZL2D;
				INFOPLIST_FILE = TrendingUITests/Info.plist;
				LD_RUNPATH_SEARCH_PATHS = (
					"$(inherited)",
					"@executable_path/Frameworks",
					"@loader_path/Frameworks",
				);
				PRODUCT_BUNDLE_IDENTIFIER = com.skorulis.TrendingUITests;
				PRODUCT_NAME = "$(TARGET_NAME)";
				SWIFT_VERSION = 5.0;
				TARGETED_DEVICE_FAMILY = "1,2";
				TEST_TARGET_NAME = Trending;
			};
			name = Release;
		};
/* End XCBuildConfiguration section */

/* Begin XCConfigurationList section */
		FAB9939B257B5DBE008D2EE6 /* Build configuration list for PBXProject "Trending" */ = {
			isa = XCConfigurationList;
			buildConfigurations = (
				FAB993C3257B5DC1008D2EE6 /* Debug */,
				FAB993C4257B5DC1008D2EE6 /* Release */,
			);
			defaultConfigurationIsVisible = 0;
			defaultConfigurationName = Release;
		};
		FAB993C5257B5DC1008D2EE6 /* Build configuration list for PBXNativeTarget "Trending" */ = {
			isa = XCConfigurationList;
			buildConfigurations = (
				FAB993C6257B5DC1008D2EE6 /* Debug */,
				FAB993C7257B5DC1008D2EE6 /* Release */,
			);
			defaultConfigurationIsVisible = 0;
			defaultConfigurationName = Release;
		};
		FAB993C8257B5DC1008D2EE6 /* Build configuration list for PBXNativeTarget "TrendingTests" */ = {
			isa = XCConfigurationList;
			buildConfigurations = (
				FAB993C9257B5DC1008D2EE6 /* Debug */,
				FAB993CA257B5DC1008D2EE6 /* Release */,
			);
			defaultConfigurationIsVisible = 0;
			defaultConfigurationName = Release;
		};
		FAB993CB257B5DC1008D2EE6 /* Build configuration list for PBXNativeTarget "TrendingUITests" */ = {
			isa = XCConfigurationList;
			buildConfigurations = (
				FAB993CC257B5DC1008D2EE6 /* Debug */,
				FAB993CD257B5DC1008D2EE6 /* Release */,
			);
			defaultConfigurationIsVisible = 0;
			defaultConfigurationName = Release;
		};
/* End XCConfigurationList section */
	};
	rootObject = FAB99398257B5DBE008D2EE6 /* Project object */;
}
